
Microsoft Visual Studio Solution File, Format Version 12.00
# Visual Studio Version 17
VisualStudioVersion = 17.7.34018.315
MinimumVisualStudioVersion = 10.0.40219.1
Project("{FAE04EC0-301F-11D3-BF4B-00C04F79EFBC}") = "Kap 5 Uppgift 5.4", "Kap 5 Uppgift 5.4\Kap 5 Uppgift 5.4.csproj", "{A401EDCD-AC0C-4586-B9EB-0614CCC34CE6}"
EndProject
Global
	GlobalSection(SolutionConfigurationPlatforms) = preSolution
		Debug|Any CPU = Debug|Any CPU
		Release|Any CPU = Release|Any CPU
	EndGlobalSection
	GlobalSection(ProjectConfigurationPlatforms) = postSolution
		{A401EDCD-AC0C-4586-B9EB-0614CCC34CE6}.Debug|Any CPU.ActiveCfg = Debug|Any CPU
		{A401EDCD-AC0C-4586-B9EB-0614CCC34CE6}.Debug|Any CPU.Build.0 = Debug|Any CPU
		{A401EDCD-AC0C-4586-B9EB-0614CCC34CE6}.Release|Any CPU.ActiveCfg = Release|Any CPU
		{A401EDCD-AC0C-4586-B9EB-0614CCC34CE6}.Release|Any CPU.Build.0 = Release|Any CPU
	EndGlobalSection
	GlobalSection(SolutionProperties) = preSolution
		HideSolutionNode = FALSE
	EndGlobalSection
	GlobalSection(ExtensibilityGlobals) = postSolution
		SolutionGuid = {8FF72F9D-92A9-4654-A3EF-1DCCDB30B804}
	EndGlobalSection
EndGlobal
